
Microsoft Visual Studio Solution File, Format Version 12.00
# Visual Studio Version 16
VisualStudioVersion = 16.0.31702.278
MinimumVisualStudioVersion = 10.0.40219.1
Project("{FAE04EC0-301F-11D3-BF4B-00C04F79EFBC}") = "apCidadesMarte", "apCidadesMarte\apCidadesMarte.csproj", "{66FA02E8-38E6-425F-A72F-0829C76F23BF}"
EndProject
Global
	GlobalSection(SolutionConfigurationPlatforms) = preSolution
		Debug|Any CPU = Debug|Any CPU
		Release|Any CPU = Release|Any CPU
	EndGlobalSection
	GlobalSection(ProjectConfigurationPlatforms) = postSolution
		{66FA02E8-38E6-425F-A72F-0829C76F23BF}.Debug|Any CPU.ActiveCfg = Debug|Any CPU
		{66FA02E8-38E6-425F-A72F-0829C76F23BF}.Debug|Any CPU.Build.0 = Debug|Any CPU
		{66FA02E8-38E6-425F-A72F-0829C76F23BF}.Release|Any CPU.ActiveCfg = Release|Any CPU
		{66FA02E8-38E6-425F-A72F-0829C76F23BF}.Release|Any CPU.Build.0 = Release|Any CPU
	EndGlobalSection
	GlobalSection(SolutionProperties) = preSolution
		HideSolutionNode = FALSE
	EndGlobalSection
	GlobalSection(ExtensibilityGlobals) = postSolution
		SolutionGuid = {755C1D46-A095-4CFB-9BF2-FC024D88443D}
	EndGlobalSection
EndGlobal
